
Microsoft Visual Studio Solution File, Format Version 11.00
# Visual Studio 2010
Project("{FAE04EC0-301F-11D3-BF4B-00C04F79EFBC}") = "PodradioTheme.iOS.Sample", "PodradioTheme.iOS.Sample.csproj", "{E9A364AD-E93F-48B8-A054-B35811ADE344}"
EndProject
Project("{FAE04EC0-301F-11D3-BF4B-00C04F79EFBC}") = "PodradioTheme.iOS", "..\..\src\PodradioTheme.iOS\PodradioTheme.iOS.csproj", "{D7FA1DCE-005D-4A6F-80CB-72B6564846B8}"
EndProject
Global
	GlobalSection(SolutionConfigurationPlatforms) = preSolution
		Debug|iPhoneSimulator = Debug|iPhoneSimulator
		Release|iPhoneSimulator = Release|iPhoneSimulator
		Debug|iPhone = Debug|iPhone
		Release|iPhone = Release|iPhone
		Ad-Hoc|iPhone = Ad-Hoc|iPhone
		AppStore|iPhone = AppStore|iPhone
	EndGlobalSection
	GlobalSection(ProjectConfigurationPlatforms) = postSolution
		{D7FA1DCE-005D-4A6F-80CB-72B6564846B8}.Ad-Hoc|iPhone.ActiveCfg = Release|Any CPU
		{D7FA1DCE-005D-4A6F-80CB-72B6564846B8}.Ad-Hoc|iPhone.Build.0 = Release|Any CPU
		{D7FA1DCE-005D-4A6F-80CB-72B6564846B8}.AppStore|iPhone.ActiveCfg = Release|Any CPU
		{D7FA1DCE-005D-4A6F-80CB-72B6564846B8}.AppStore|iPhone.Build.0 = Release|Any CPU
		{D7FA1DCE-005D-4A6F-80CB-72B6564846B8}.Debug|iPhone.ActiveCfg = Debug|Any CPU
		{D7FA1DCE-005D-4A6F-80CB-72B6564846B8}.Debug|iPhone.Build.0 = Debug|Any CPU
		{D7FA1DCE-005D-4A6F-80CB-72B6564846B8}.Debug|iPhoneSimulator.ActiveCfg = Debug|Any CPU
		{D7FA1DCE-005D-4A6F-80CB-72B6564846B8}.Debug|iPhoneSimulator.Build.0 = Debug|Any CPU
		{D7FA1DCE-005D-4A6F-80CB-72B6564846B8}.Release|iPhone.ActiveCfg = Release|Any CPU
		{D7FA1DCE-005D-4A6F-80CB-72B6564846B8}.Release|iPhone.Build.0 = Release|Any CPU
		{D7FA1DCE-005D-4A6F-80CB-72B6564846B8}.Release|iPhoneSimulator.ActiveCfg = Release|Any CPU
		{D7FA1DCE-005D-4A6F-80CB-72B6564846B8}.Release|iPhoneSimulator.Build.0 = Release|Any CPU
		{E9A364AD-E93F-48B8-A054-B35811ADE344}.Ad-Hoc|iPhone.ActiveCfg = Ad-Hoc|iPhone
		{E9A364AD-E93F-48B8-A054-B35811ADE344}.Ad-Hoc|iPhone.Build.0 = Ad-Hoc|iPhone
		{E9A364AD-E93F-48B8-A054-B35811ADE344}.AppStore|iPhone.ActiveCfg = AppStore|iPhone
		{E9A364AD-E93F-48B8-A054-B35811ADE344}.AppStore|iPhone.Build.0 = AppStore|iPhone
		{E9A364AD-E93F-48B8-A054-B35811ADE344}.Debug|iPhone.ActiveCfg = Debug|iPhone
		{E9A364AD-E93F-48B8-A054-B35811ADE344}.Debug|iPhone.Build.0 = Debug|iPhone
		{E9A364AD-E93F-48B8-A054-B35811ADE344}.Debug|iPhoneSimulator.ActiveCfg = Debug|iPhoneSimulator
		{E9A364AD-E93F-48B8-A054-B35811ADE344}.Debug|iPhoneSimulator.Build.0 = Debug|iPhoneSimulator
		{E9A364AD-E93F-48B8-A054-B35811ADE344}.Release|iPhone.ActiveCfg = Release|iPhone
		{E9A364AD-E93F-48B8-A054-B35811ADE344}.Release|iPhone.Build.0 = Release|iPhone
		{E9A364AD-E93F-48B8-A054-B35811ADE344}.Release|iPhoneSimulator.ActiveCfg = Release|iPhoneSimulator
		{E9A364AD-E93F-48B8-A054-B35811ADE344}.Release|iPhoneSimulator.Build.0 = Release|iPhoneSimulator
	EndGlobalSection
	GlobalSection(MonoDevelopProperties) = preSolution
		StartupItem = PodradioTheme.iOS.Sample.csproj
	EndGlobalSection
EndGlobal
