
Microsoft Visual Studio Solution File, Format Version 11.00
# Visual Studio 2010
Project("{FAE04EC0-301F-11D3-BF4B-00C04F79EFBC}") = "PodradioTheme.iOS.Sample-Classic", "PodradioTheme.iOS.Sample-Classic.csproj", "{8686838B-CC30-437A-B9EE-1282943340DA}"
EndProject
Project("{FAE04EC0-301F-11D3-BF4B-00C04F79EFBC}") = "PodradioTheme.iOs-Classic", "..\..\src\PodradioTheme.iOs\PodradioTheme.iOs-Classic.csproj", "{6861D250-F402-4FA7-9164-1E68A4DDDE6D}"
EndProject
Global
	GlobalSection(SolutionConfigurationPlatforms) = preSolution
		Debug|iPhoneSimulator = Debug|iPhoneSimulator
		Release|iPhoneSimulator = Release|iPhoneSimulator
		Debug|iPhone = Debug|iPhone
		Release|iPhone = Release|iPhone
		Ad-Hoc|iPhone = Ad-Hoc|iPhone
		AppStore|iPhone = AppStore|iPhone
	EndGlobalSection
	GlobalSection(ProjectConfigurationPlatforms) = postSolution
		{6861D250-F402-4FA7-9164-1E68A4DDDE6D}.Ad-Hoc|iPhone.ActiveCfg = Release|Any CPU
		{6861D250-F402-4FA7-9164-1E68A4DDDE6D}.Ad-Hoc|iPhone.Build.0 = Release|Any CPU
		{6861D250-F402-4FA7-9164-1E68A4DDDE6D}.AppStore|iPhone.ActiveCfg = Release|Any CPU
		{6861D250-F402-4FA7-9164-1E68A4DDDE6D}.AppStore|iPhone.Build.0 = Release|Any CPU
		{6861D250-F402-4FA7-9164-1E68A4DDDE6D}.Debug|iPhone.ActiveCfg = Debug|Any CPU
		{6861D250-F402-4FA7-9164-1E68A4DDDE6D}.Debug|iPhone.Build.0 = Debug|Any CPU
		{6861D250-F402-4FA7-9164-1E68A4DDDE6D}.Debug|iPhoneSimulator.ActiveCfg = Debug|Any CPU
		{6861D250-F402-4FA7-9164-1E68A4DDDE6D}.Debug|iPhoneSimulator.Build.0 = Debug|Any CPU
		{6861D250-F402-4FA7-9164-1E68A4DDDE6D}.Release|iPhone.ActiveCfg = Release|Any CPU
		{6861D250-F402-4FA7-9164-1E68A4DDDE6D}.Release|iPhone.Build.0 = Release|Any CPU
		{6861D250-F402-4FA7-9164-1E68A4DDDE6D}.Release|iPhoneSimulator.ActiveCfg = Release|Any CPU
		{6861D250-F402-4FA7-9164-1E68A4DDDE6D}.Release|iPhoneSimulator.Build.0 = Release|Any CPU
		{8686838B-CC30-437A-B9EE-1282943340DA}.Ad-Hoc|iPhone.ActiveCfg = Ad-Hoc|iPhone
		{8686838B-CC30-437A-B9EE-1282943340DA}.Ad-Hoc|iPhone.Build.0 = Ad-Hoc|iPhone
		{8686838B-CC30-437A-B9EE-1282943340DA}.AppStore|iPhone.ActiveCfg = AppStore|iPhone
		{8686838B-CC30-437A-B9EE-1282943340DA}.AppStore|iPhone.Build.0 = AppStore|iPhone
		{8686838B-CC30-437A-B9EE-1282943340DA}.Debug|iPhone.ActiveCfg = Debug|iPhone
		{8686838B-CC30-437A-B9EE-1282943340DA}.Debug|iPhone.Build.0 = Debug|iPhone
		{8686838B-CC30-437A-B9EE-1282943340DA}.Debug|iPhoneSimulator.ActiveCfg = Debug|iPhoneSimulator
		{8686838B-CC30-437A-B9EE-1282943340DA}.Debug|iPhoneSimulator.Build.0 = Debug|iPhoneSimulator
		{8686838B-CC30-437A-B9EE-1282943340DA}.Release|iPhone.ActiveCfg = Release|iPhone
		{8686838B-CC30-437A-B9EE-1282943340DA}.Release|iPhone.Build.0 = Release|iPhone
		{8686838B-CC30-437A-B9EE-1282943340DA}.Release|iPhoneSimulator.ActiveCfg = Release|iPhoneSimulator
		{8686838B-CC30-437A-B9EE-1282943340DA}.Release|iPhoneSimulator.Build.0 = Release|iPhoneSimulator
	EndGlobalSection
	GlobalSection(MonoDevelopProperties) = preSolution
		StartupItem = PodradioTheme.iOS.Sample-Classic.csproj
	EndGlobalSection
EndGlobal
