
Microsoft Visual Studio Solution File, Format Version 12.00
# Visual Studio 2012
Project("{FAE04EC0-301F-11D3-BF4B-00C04F79EFBC}") = "minimal-sample", "minimal-sample\minimal-sample.csproj", "{CFF7245E-743E-4A57-A856-1C0B777C2554}"
EndProject
Project("{FAE04EC0-301F-11D3-BF4B-00C04F79EFBC}") = "AndroidApplication1", "AndroidApplication1\AndroidApplication1.csproj", "{D4A44D8F-410F-4406-B2BD-24C9738F4D55}"
EndProject
Global
	GlobalSection(SolutionConfigurationPlatforms) = preSolution
		Debug|Any CPU = Debug|Any CPU
		Release|Any CPU = Release|Any CPU
	EndGlobalSection
	GlobalSection(ProjectConfigurationPlatforms) = postSolution
		{CFF7245E-743E-4A57-A856-1C0B777C2554}.Debug|Any CPU.ActiveCfg = Debug|Any CPU
		{CFF7245E-743E-4A57-A856-1C0B777C2554}.Debug|Any CPU.Build.0 = Debug|Any CPU
		{CFF7245E-743E-4A57-A856-1C0B777C2554}.Release|Any CPU.ActiveCfg = Release|Any CPU
		{CFF7245E-743E-4A57-A856-1C0B777C2554}.Release|Any CPU.Build.0 = Release|Any CPU
		{D4A44D8F-410F-4406-B2BD-24C9738F4D55}.Debug|Any CPU.ActiveCfg = Debug|Any CPU
		{D4A44D8F-410F-4406-B2BD-24C9738F4D55}.Debug|Any CPU.Build.0 = Debug|Any CPU
		{D4A44D8F-410F-4406-B2BD-24C9738F4D55}.Debug|Any CPU.Deploy.0 = Debug|Any CPU
		{D4A44D8F-410F-4406-B2BD-24C9738F4D55}.Release|Any CPU.ActiveCfg = Release|Any CPU
		{D4A44D8F-410F-4406-B2BD-24C9738F4D55}.Release|Any CPU.Build.0 = Release|Any CPU
		{D4A44D8F-410F-4406-B2BD-24C9738F4D55}.Release|Any CPU.Deploy.0 = Release|Any CPU
	EndGlobalSection
	GlobalSection(MonoDevelopProperties) = preSolution
		StartupItem = AndroidApplication1\AndroidApplication1.csproj
	EndGlobalSection
	GlobalSection(SolutionProperties) = preSolution
		HideSolutionNode = FALSE
	EndGlobalSection
EndGlobal
