Microsoft Visual Studio Solution File, Format Version 12.00
# Visual Studio 2013
VisualStudioVersion = 12.0.30723.0
MinimumVisualStudioVersion = 10.0.40219.1
Project("{FAE04EC0-301F-11D3-BF4B-00C04F79EFBC}") = "XSample.MarkDownSharp.XI-Classic", "XSample.MarkDownSharp.XI-Classic\XSample.MarkDownSharp.XI-Classic.csproj", "{7995FA8B-C477-40E7-BCB8-E901CE747268}"
EndProject
Global
	GlobalSection(SolutionConfigurationPlatforms) = preSolution
		Ad-Hoc|iPhone = Ad-Hoc|iPhone
		Ad-Hoc|iPhoneSimulator = Ad-Hoc|iPhoneSimulator
		AppStore|iPhone = AppStore|iPhone
		AppStore|iPhoneSimulator = AppStore|iPhoneSimulator
		Debug|iPhone = Debug|iPhone
		Debug|iPhoneSimulator = Debug|iPhoneSimulator
		Release|iPhone = Release|iPhone
		Release|iPhoneSimulator = Release|iPhoneSimulator
	EndGlobalSection
	GlobalSection(ProjectConfigurationPlatforms) = postSolution
		{7995FA8B-C477-40E7-BCB8-E901CE747268}.Ad-Hoc|iPhone.ActiveCfg = Ad-Hoc|iPhone
		{7995FA8B-C477-40E7-BCB8-E901CE747268}.Ad-Hoc|iPhone.Build.0 = Ad-Hoc|iPhone
		{7995FA8B-C477-40E7-BCB8-E901CE747268}.Ad-Hoc|iPhoneSimulator.ActiveCfg = Ad-Hoc|iPhoneSimulator
		{7995FA8B-C477-40E7-BCB8-E901CE747268}.Ad-Hoc|iPhoneSimulator.Build.0 = Ad-Hoc|iPhoneSimulator
		{7995FA8B-C477-40E7-BCB8-E901CE747268}.AppStore|iPhone.ActiveCfg = AppStore|iPhone
		{7995FA8B-C477-40E7-BCB8-E901CE747268}.AppStore|iPhone.Build.0 = AppStore|iPhone
		{7995FA8B-C477-40E7-BCB8-E901CE747268}.AppStore|iPhoneSimulator.ActiveCfg = AppStore|iPhoneSimulator
		{7995FA8B-C477-40E7-BCB8-E901CE747268}.AppStore|iPhoneSimulator.Build.0 = AppStore|iPhoneSimulator
		{7995FA8B-C477-40E7-BCB8-E901CE747268}.Debug|iPhone.ActiveCfg = Debug|iPhone
		{7995FA8B-C477-40E7-BCB8-E901CE747268}.Debug|iPhone.Build.0 = Debug|iPhone
		{7995FA8B-C477-40E7-BCB8-E901CE747268}.Debug|iPhoneSimulator.ActiveCfg = Debug|iPhoneSimulator
		{7995FA8B-C477-40E7-BCB8-E901CE747268}.Debug|iPhoneSimulator.Build.0 = Debug|iPhoneSimulator
		{7995FA8B-C477-40E7-BCB8-E901CE747268}.Release|iPhone.ActiveCfg = Release|iPhone
		{7995FA8B-C477-40E7-BCB8-E901CE747268}.Release|iPhone.Build.0 = Release|iPhone
		{7995FA8B-C477-40E7-BCB8-E901CE747268}.Release|iPhoneSimulator.ActiveCfg = Release|iPhoneSimulator
		{7995FA8B-C477-40E7-BCB8-E901CE747268}.Release|iPhoneSimulator.Build.0 = Release|iPhoneSimulator
	EndGlobalSection
	GlobalSection(SolutionProperties) = preSolution
		HideSolutionNode = FALSE
	EndGlobalSection
EndGlobal
