
Microsoft Visual Studio Solution File, Format Version 12.00
# Visual Studio 2012
VisualStudioVersion = 12.0.30723.0
MinimumVisualStudioVersion = 10.0.40219.1
Project("{FAE04EC0-301F-11D3-BF4B-00C04F79EFBC}") = "XSample.MarkDownSharp.XI", "XSample.MarkDownSharp.XI\XSample.MarkDownSharp.XI.csproj", "{6C2F2041-37B8-4CF2-A87F-EB42CD5A5CD9}"
EndProject
Global
	GlobalSection(SolutionConfigurationPlatforms) = preSolution
		Debug|iPhoneSimulator = Debug|iPhoneSimulator
		Release|iPhoneSimulator = Release|iPhoneSimulator
		Debug|iPhone = Debug|iPhone
		Release|iPhone = Release|iPhone
		Ad-Hoc|iPhone = Ad-Hoc|iPhone
		AppStore|iPhone = AppStore|iPhone
	EndGlobalSection
	GlobalSection(ProjectConfigurationPlatforms) = postSolution
		{6C2F2041-37B8-4CF2-A87F-EB42CD5A5CD9}.Ad-Hoc|iPhone.ActiveCfg = Ad-Hoc|iPhone
		{6C2F2041-37B8-4CF2-A87F-EB42CD5A5CD9}.Ad-Hoc|iPhone.Build.0 = Ad-Hoc|iPhone
		{6C2F2041-37B8-4CF2-A87F-EB42CD5A5CD9}.AppStore|iPhone.ActiveCfg = AppStore|iPhone
		{6C2F2041-37B8-4CF2-A87F-EB42CD5A5CD9}.AppStore|iPhone.Build.0 = AppStore|iPhone
		{6C2F2041-37B8-4CF2-A87F-EB42CD5A5CD9}.Debug|iPhone.ActiveCfg = Debug|iPhone
		{6C2F2041-37B8-4CF2-A87F-EB42CD5A5CD9}.Debug|iPhone.Build.0 = Debug|iPhone
		{6C2F2041-37B8-4CF2-A87F-EB42CD5A5CD9}.Debug|iPhoneSimulator.ActiveCfg = Debug|iPhoneSimulator
		{6C2F2041-37B8-4CF2-A87F-EB42CD5A5CD9}.Debug|iPhoneSimulator.Build.0 = Debug|iPhoneSimulator
		{6C2F2041-37B8-4CF2-A87F-EB42CD5A5CD9}.Release|iPhone.ActiveCfg = Release|iPhone
		{6C2F2041-37B8-4CF2-A87F-EB42CD5A5CD9}.Release|iPhone.Build.0 = Release|iPhone
		{6C2F2041-37B8-4CF2-A87F-EB42CD5A5CD9}.Release|iPhoneSimulator.ActiveCfg = Release|iPhoneSimulator
		{6C2F2041-37B8-4CF2-A87F-EB42CD5A5CD9}.Release|iPhoneSimulator.Build.0 = Release|iPhoneSimulator
	EndGlobalSection
	GlobalSection(MonoDevelopProperties) = preSolution
		StartupItem = XSample.MarkDownSharp.XI\XSample.MarkDownSharp.XI.csproj
	EndGlobalSection
	GlobalSection(SolutionProperties) = preSolution
		HideSolutionNode = FALSE
	EndGlobalSection
EndGlobal
